// !$*UTF8*$!
{
	archiveVersion = 1;
	classes = {
	};
	objectVersion = 56;
	objects = {

/* Begin PBXFileReference section */
		2E8349EF29AD7E0C00BF712F /* model */ = {isa = PBXFileReference; lastKnownFileType = folder; path = model; sourceTree = "<group>"; };
		2E8349F029AD7E0C00BF712F /* controller */ = {isa = PBXFileReference; lastKnownFileType = folder; path = controller; sourceTree = "<group>"; };
		2E8349F129AD7E0C00BF712F /* view */ = {isa = PBXFileReference; lastKnownFileType = folder; path = view; sourceTree = "<group>"; };
		2E8349F229AD7E0C00BF712F /* test */ = {isa = PBXFileReference; lastKnownFileType = folder; path = test; sourceTree = "<group>"; };
		2E8349F329AD7E8600BF712F /* README.md */ = {isa = PBXFileReference; lastKnownFileType = net.daringfireball.markdown; path = README.md; sourceTree = "<group>"; };
/* End PBXFileReference section */

/* Begin PBXGroup section */
		2E8349E429AD7D9500BF712F = {
			isa = PBXGroup;
			children = (
				2E8349F329AD7E8600BF712F /* README.md */,
				2E8349F029AD7E0C00BF712F /* controller */,
				2E8349EF29AD7E0C00BF712F /* model */,
				2E8349F229AD7E0C00BF712F /* test */,
				2E8349F129AD7E0C00BF712F /* view */,
			);
			sourceTree = "<group>";
		};
/* End PBXGroup section */

/* Begin PBXProject section */
		2E8349E529AD7D9500BF712F /* Project object */ = {
			isa = PBXProject;
			attributes = {
				BuildIndependentTargetsInParallel = 1;
				LastUpgradeCheck = 1420;
			};
			buildConfigurationList = 2E8349E829AD7D9500BF712F /* Build configuration list for PBXProject "e-commerce" */;
			compatibilityVersion = "Xcode 14.0";
			developmentRegion = en;
			hasScannedForEncodings = 0;
			knownRegions = (
				en,
				Base,
			);
			mainGroup = 2E8349E429AD7D9500BF712F;
			projectDirPath = "";
			projectRoot = "";
			targets = (
			);
		};
/* End PBXProject section */

/* Begin XCBuildConfiguration section */
		2E8349E929AD7D9500BF712F /* Debug */ = {
			isa = XCBuildConfiguration;
			buildSettings = {
			};
			name = Debug;
		};
		2E8349EA29AD7D9500BF712F /* Release */ = {
			isa = XCBuildConfiguration;
			buildSettings = {
			};
			name = Release;
		};
/* End XCBuildConfiguration section */

/* Begin XCConfigurationList section */
		2E8349E829AD7D9500BF712F /* Build configuration list for PBXProject "e-commerce" */ = {
			isa = XCConfigurationList;
			buildConfigurations = (
				2E8349E929AD7D9500BF712F /* Debug */,
				2E8349EA29AD7D9500BF712F /* Release */,
			);
			defaultConfigurationIsVisible = 0;
			defaultConfigurationName = Release;
		};
/* End XCConfigurationList section */
	};
	rootObject = 2E8349E529AD7D9500BF712F /* Project object */;
}
